
Microsoft Visual Studio Solution File, Format Version 12.00
# Visual Studio Version 16
VisualStudioVersion = 16.0.31205.134
MinimumVisualStudioVersion = 10.0.40219.1
Project("{9A19103F-16F7-4668-BE54-9A1E7A4F7556}") = "Assignment", "Assignment\Assignment.csproj", "{E7BF4049-B285-47FB-91CC-A49BC2B4E4D1}"
EndProject
Project("{9A19103F-16F7-4668-BE54-9A1E7A4F7556}") = "FileParser", "ASCIIFileParser\FileParser.csproj", "{547EB8BC-5C9A-4888-B62F-0479E3F3D450}"
EndProject
Project("{9A19103F-16F7-4668-BE54-9A1E7A4F7556}") = "FileParserTests", "FileParserTests\FileParserTests.csproj", "{B984AE4D-62FB-4D9F-A57C-2656F59673AF}"
EndProject
Global
	GlobalSection(SolutionConfigurationPlatforms) = preSolution
		Debug|Any CPU = Debug|Any CPU
		Release|Any CPU = Release|Any CPU
	EndGlobalSection
	GlobalSection(ProjectConfigurationPlatforms) = postSolution
		{E7BF4049-B285-47FB-91CC-A49BC2B4E4D1}.Debug|Any CPU.ActiveCfg = Debug|Any CPU
		{E7BF4049-B285-47FB-91CC-A49BC2B4E4D1}.Debug|Any CPU.Build.0 = Debug|Any CPU
		{E7BF4049-B285-47FB-91CC-A49BC2B4E4D1}.Release|Any CPU.ActiveCfg = Release|Any CPU
		{E7BF4049-B285-47FB-91CC-A49BC2B4E4D1}.Release|Any CPU.Build.0 = Release|Any CPU
		{547EB8BC-5C9A-4888-B62F-0479E3F3D450}.Debug|Any CPU.ActiveCfg = Debug|Any CPU
		{547EB8BC-5C9A-4888-B62F-0479E3F3D450}.Debug|Any CPU.Build.0 = Debug|Any CPU
		{547EB8BC-5C9A-4888-B62F-0479E3F3D450}.Release|Any CPU.ActiveCfg = Release|Any CPU
		{547EB8BC-5C9A-4888-B62F-0479E3F3D450}.Release|Any CPU.Build.0 = Release|Any CPU
		{B984AE4D-62FB-4D9F-A57C-2656F59673AF}.Debug|Any CPU.ActiveCfg = Debug|Any CPU
		{B984AE4D-62FB-4D9F-A57C-2656F59673AF}.Debug|Any CPU.Build.0 = Debug|Any CPU
		{B984AE4D-62FB-4D9F-A57C-2656F59673AF}.Release|Any CPU.ActiveCfg = Release|Any CPU
		{B984AE4D-62FB-4D9F-A57C-2656F59673AF}.Release|Any CPU.Build.0 = Release|Any CPU
	EndGlobalSection
	GlobalSection(SolutionProperties) = preSolution
		HideSolutionNode = FALSE
	EndGlobalSection
	GlobalSection(ExtensibilityGlobals) = postSolution
		SolutionGuid = {47AEDA47-68DC-4975-B703-8CC1EA42C1F4}
	EndGlobalSection
EndGlobal
